# This file is automatically @generated by Cargo.
# It is not intended for manual editing.
version = 3

[[package]]
name = "ciborium"
version = "0.2.1"
source = "git+https://github.com/enarx/ciborium.git?rev=114614d2a61102eb2321c68e53799d1e6f087aef#114614d2a61102eb2321c68e53799d1e6f087aef"
dependencies = [
 "ciborium-io 0.2.1 (git+https://github.com/enarx/ciborium.git?rev=114614d2a61102eb2321c68e53799d1e6f087aef)",
 "ciborium-ll",
 "serde",
]

[[package]]
name = "ciborium-io"
version = "0.2.1"
source = "registry+https://github.com/rust-lang/crates.io-index"
checksum = "cdf919175532b369853f5d5e20b26b43112613fd6fe7aee757e35f7a44642656"

[[package]]
name = "ciborium-io"
version = "0.2.1"
source = "git+https://github.com/enarx/ciborium.git?rev=114614d2a61102eb2321c68e53799d1e6f087aef#114614d2a61102eb2321c68e53799d1e6f087aef"

[[package]]
name = "ciborium-ll"
version = "0.2.1"
source = "git+https://github.com/enarx/ciborium.git?rev=114614d2a61102eb2321c68e53799d1e6f087aef#114614d2a61102eb2321c68e53799d1e6f087aef"
dependencies = [
 "ciborium-io 0.2.1 (git+https://github.com/enarx/ciborium.git?rev=114614d2a61102eb2321c68e53799d1e6f087aef)",
 "half",
]

[[package]]
name = "half"
version = "1.8.2"
source = "registry+https://github.com/rust-lang/crates.io-index"
checksum = "eabb4a44450da02c90444cf74558da904edde8fb4e9035a9a6a4e15445af0bd7"

[[package]]
name = "newtype-ops"
version = "0.1.4"
source = "registry+https://github.com/rust-lang/crates.io-index"
checksum = "d36047f46c69ef97b60e7b069a26ce9a15cd8a7852eddb6991ea94a83ba36a78"

[[package]]
name = "proc-macro2"
version = "1.0.67"
source = "registry+https://github.com/rust-lang/crates.io-index"
checksum = "3d433d9f1a3e8c1263d9456598b16fec66f4acc9a74dacffd35c7bb09b3a1328"
dependencies = [
 "unicode-ident",
]

[[package]]
name = "quote"
version = "1.0.33"
source = "registry+https://github.com/rust-lang/crates.io-index"
checksum = "5267fca4496028628a95160fc423a33e8b2e6af8a5302579e322e4b520293cae"
dependencies = [
 "proc-macro2",
]

[[package]]
name = "serde"
version = "1.0.188"
source = "registry+https://github.com/rust-lang/crates.io-index"
checksum = "cf9e0fcba69a370eed61bcf2b728575f726b50b55cba78064753d708ddc7549e"
dependencies = [
 "serde_derive",
]

[[package]]
name = "serde-big-array"
version = "0.5.1"
source = "registry+https://github.com/rust-lang/crates.io-index"
checksum = "11fc7cc2c76d73e0f27ee52abbd64eec84d46f370c88371120433196934e4b7f"
dependencies = [
 "serde",
]

[[package]]
name = "serde_derive"
version = "1.0.188"
source = "registry+https://github.com/rust-lang/crates.io-index"
checksum = "4eca7ac642d82aa35b60049a6eccb4be6be75e599bd2e9adb5f875a737654af2"
dependencies = [
 "proc-macro2",
 "quote",
 "syn 2.0.33",
]

[[package]]
name = "superbru"
version = "0.1.0"
dependencies = [
 "tari_template_abi",
 "tari_template_lib",
]

[[package]]
name = "syn"
version = "1.0.109"
source = "registry+https://github.com/rust-lang/crates.io-index"
checksum = "72b64191b275b66ffe2469e8af2c1cfe3bafa67b529ead792a6d0160888b4237"
dependencies = [
 "proc-macro2",
 "quote",
 "unicode-ident",
]

[[package]]
name = "syn"
version = "2.0.33"
source = "registry+https://github.com/rust-lang/crates.io-index"
checksum = "9caece70c63bfba29ec2fed841a09851b14a235c60010fa4de58089b6c025668"
dependencies = [
 "proc-macro2",
 "quote",
 "unicode-ident",
]

[[package]]
name = "tari_bor"
version = "0.50.0-pre.0"
source = "git+https://github.com/tari-project/tari-dan.git?branch=development#97115c4aba25c1a7f7ec7767690ce2fc2ddfee33"
dependencies = [
 "ciborium",
 "ciborium-io 0.2.1 (registry+https://github.com/rust-lang/crates.io-index)",
 "serde",
]

[[package]]
name = "tari_template_abi"
version = "0.50.0-pre.0"
source = "git+https://github.com/tari-project/tari-dan.git?branch=development#97115c4aba25c1a7f7ec7767690ce2fc2ddfee33"
dependencies = [
 "serde",
 "tari_bor",
]

[[package]]
name = "tari_template_lib"
version = "0.50.0-pre.0"
source = "git+https://github.com/tari-project/tari-dan.git?branch=development#97115c4aba25c1a7f7ec7767690ce2fc2ddfee33"
dependencies = [
 "newtype-ops",
 "serde",
 "serde-big-array",
 "tari_bor",
 "tari_template_abi",
 "tari_template_macros",
]

[[package]]
name = "tari_template_macros"
version = "0.50.0-pre.0"
source = "git+https://github.com/tari-project/tari-dan.git?branch=development#97115c4aba25c1a7f7ec7767690ce2fc2ddfee33"
dependencies = [
 "proc-macro2",
 "quote",
 "syn 1.0.109",
]

[[package]]
name = "unicode-ident"
version = "1.0.12"
source = "registry+https://github.com/rust-lang/crates.io-index"
checksum = "3354b9ac3fae1ff6755cb6db53683adb661634f67557942dea4facebec0fee4b"
